# THIS IS AN AUTOGENERATED FILE. DO NOT EDIT THIS FILE DIRECTLY.
# yarn lockfile v1


"@babel/parser@^7.23.6":
  version "7.23.6"
  resolved "https://registry.yarnpkg.com/@babel/parser/-/parser-7.23.6.tgz#ba1c9e512bda72a47e285ae42aff9d2a635a9e3b"
  integrity sha512-Z2uID7YJ7oNvAI20O9X0bblw7Qqs8Q2hFy0R9tAfnfLkp5MW0UH9eUvnDSnFwKZ0AvgS1ucqR4KzvVHgnke1VQ==

"@jridgewell/sourcemap-codec@^1.4.15":
  version "1.4.15"
  resolved "https://registry.yarnpkg.com/@jridgewell/sourcemap-codec/-/sourcemap-codec-1.4.15.tgz#d7c6e6755c78567a951e04ab52ef0fd26de59f32"
  integrity sha512-eF2rxCRulEKXHTRiDrDy6erMYWqNw4LPdQ8UQA4huuxaQsVeRPFl2oM8oDGxMFhJUWZf9McpLtJasDDZb/Bpeg==

"@vue/compiler-core@3.4.0":
  version "3.4.0"
  resolved "https://registry.yarnpkg.com/@vue/compiler-core/-/compiler-core-3.4.0.tgz#2a35bc4b70afb5504ff62f916e22f9080d8149b6"
  integrity sha512-cw4S15PkNGTKkP9OFFl4wnQoJJk+HqaYBafgrpDnSukiQGpcYJeRpzmqnCVCIkl6V6Eqsv58E0OAdl6b592vuA==
  dependencies:
    "@babel/parser" "^7.23.6"
    "@vue/shared" "3.4.0"
    entities "^4.5.0"
    estree-walker "^2.0.2"
    source-map-js "^1.0.2"

"@vue/compiler-dom@3.4.0":
  version "3.4.0"
  resolved "https://registry.yarnpkg.com/@vue/compiler-dom/-/compiler-dom-3.4.0.tgz#25d4c1e24a2e37c4136cdc593cd533d371bc573b"
  integrity sha512-E957uOhpoE48YjZGWeAoLmNYd3UeU4oIP8kJi8Rcsb9l2tV8Z48Jn07Zgq1aW0v3vuhlmydEKkKKbhLpADHXEA==
  dependencies:
    "@vue/compiler-core" "3.4.0"
    "@vue/shared" "3.4.0"

"@vue/compiler-sfc@3.4.0":
  version "3.4.0"
  resolved "https://registry.yarnpkg.com/@vue/compiler-sfc/-/compiler-sfc-3.4.0.tgz#dab7b87a9a09e3860a4b5c9baf6b7d3ab8af0c0f"
  integrity sha512-PWE0mE2yW7bJS7PmaCrVDEG6KPaDJo0pb4AKnCxJ5lRRDO4IwL/fswBGhCpov+v/c+N/e+hQHpXNwvqU9BtUXg==
  dependencies:
    "@babel/parser" "^7.23.6"
    "@vue/compiler-core" "3.4.0"
    "@vue/compiler-dom" "3.4.0"
    "@vue/compiler-ssr" "3.4.0"
    "@vue/shared" "3.4.0"
    estree-walker "^2.0.2"
    magic-string "^0.30.5"
    postcss "^8.4.32"
    source-map-js "^1.0.2"

"@vue/compiler-ssr@3.4.0":
  version "3.4.0"
  resolved "https://registry.yarnpkg.com/@vue/compiler-ssr/-/compiler-ssr-3.4.0.tgz#0e437c6e619ce4ec515d2d77a0a9e67e877cc2cd"
  integrity sha512-+oXKy105g9DIYQKDi3Gwung0xqQX5gJHr0GR+Vf7yK/WkNDM6q61ummcKmKAB85EIst8y3vj2PA9z9YU5Oc4DQ==
  dependencies:
    "@vue/compiler-dom" "3.4.0"
    "@vue/shared" "3.4.0"

"@vue/shared@3.4.0":
  version "3.4.0"
  resolved "https://registry.yarnpkg.com/@vue/shared/-/shared-3.4.0.tgz#b6e804a4742929f94f0159aafd0a2940621cd8de"
  integrity sha512-Nhh3ed3G1R6HDAWiG6YYFt0Zmq/To6u5vjzwa9TIquGheCXPY6nEdIAO8ZdlwXsWqC2yNLj700FOvShpYt5CEA==

entities@^4.5.0:
  version "4.5.0"
  resolved "https://registry.yarnpkg.com/entities/-/entities-4.5.0.tgz#5d268ea5e7113ec74c4d033b79ea5a35a488fb48"
  integrity sha512-V0hjH4dGPh9Ao5p0MoRY6BVqtwCjhz6vI5LT8AJ55H+4g9/4vbHx1I54fS0XuclLhDHArPQCiMjDxjaL8fPxhw==

estree-walker@^2.0.2:
  version "2.0.2"
  resolved "https://registry.yarnpkg.com/estree-walker/-/estree-walker-2.0.2.tgz#52f010178c2a4c117a7757cfe942adb7d2da4cac"
  integrity sha512-Rfkk/Mp/DL7JVje3u18FxFujQlTNR2q6QfMSMB7AvCBx91NGj/ba3kCfza0f6dVDbw7YlRf/nDrn7pQrCCyQ/w==

magic-string@^0.30.5:
  version "0.30.5"
  resolved "https://registry.yarnpkg.com/magic-string/-/magic-string-0.30.5.tgz#1994d980bd1c8835dc6e78db7cbd4ae4f24746f9"
  integrity sha512-7xlpfBaQaP/T6Vh8MO/EqXSW5En6INHEvEXQiuff7Gku0PWjU3uf6w/j9o7O+SpB5fOAkrI5HeoNgwjEO0pFsA==
  dependencies:
    "@jridgewell/sourcemap-codec" "^1.4.15"

nanoid@^3.3.7:
  version "3.3.7"
  resolved "https://registry.yarnpkg.com/nanoid/-/nanoid-3.3.7.tgz#d0c301a691bc8d54efa0a2226ccf3fe2fd656bd8"
  integrity sha512-eSRppjcPIatRIMC1U6UngP8XFcz8MQWGQdt1MTBQ7NaAmvXDfvNxbvWV3x2y6CdEUciCSsDHDQZbhYaB8QEo2g==

picocolors@^1.0.0:
  version "1.0.0"
  resolved "https://registry.yarnpkg.com/picocolors/-/picocolors-1.0.0.tgz#cb5bdc74ff3f51892236eaf79d68bc44564ab81c"
  integrity sha512-1fygroTLlHu66zi26VoTDv8yRgm0Fccecssto+MhsZ0D/DGW2sm8E8AjW7NU5VVTRt5GxbeZ5qBuJr+HyLYkjQ==

postcss@^8.4.32:
  version "8.4.33"
  resolved "https://registry.yarnpkg.com/postcss/-/postcss-8.4.33.tgz#1378e859c9f69bf6f638b990a0212f43e2aaa742"
  integrity sha512-Kkpbhhdjw2qQs2O2DGX+8m5OVqEcbB9HRBvuYM9pgrjEFUg30A9LmXNlTAUj4S9kgtGyrMbTzVjH7E+s5Re2yg==
  dependencies:
    nanoid "^3.3.7"
    picocolors "^1.0.0"
    source-map-js "^1.0.2"

source-map-js@^1.0.2:
  version "1.0.2"
  resolved "https://registry.yarnpkg.com/source-map-js/-/source-map-js-1.0.2.tgz#adbc361d9c62df380125e7f161f71c826f1e490c"
  integrity sha512-R0XvVJ9WusLiqTCEiGCmICCMplcCkIwwR11mOSD9CR5u+IXYdiseeEuXCVAjS54zqwkLcPNnmU4OeJ6tUrWhDw==
